
Microsoft Visual Studio Solution File, Format Version 12.00
# Visual Studio 2013
VisualStudioVersion = 12.0.31101.0
MinimumVisualStudioVersion = 10.0.40219.1
Project("{8BC9CEB8-8B4A-11D0-8D11-00A0C91BC942}") = "helloGL", "helloGL\helloGL.vcxproj", "{7E131650-2D61-4666-B8EF-EEB604B0B47C}"
EndProject
Global
	GlobalSection(SolutionConfigurationPlatforms) = preSolution
		Debug|Tegra-Android = Debug|Tegra-Android
		Release|Tegra-Android = Release|Tegra-Android
		Shipping|Tegra-Android = Shipping|Tegra-Android
	EndGlobalSection
	GlobalSection(ProjectConfigurationPlatforms) = postSolution
		{7E131650-2D61-4666-B8EF-EEB604B0B47C}.Debug|Tegra-Android.ActiveCfg = Debug|Tegra-Android
		{7E131650-2D61-4666-B8EF-EEB604B0B47C}.Debug|Tegra-Android.Build.0 = Debug|Tegra-Android
		{7E131650-2D61-4666-B8EF-EEB604B0B47C}.Release|Tegra-Android.ActiveCfg = Release|Tegra-Android
		{7E131650-2D61-4666-B8EF-EEB604B0B47C}.Release|Tegra-Android.Build.0 = Release|Tegra-Android
		{7E131650-2D61-4666-B8EF-EEB604B0B47C}.Shipping|Tegra-Android.ActiveCfg = Shipping|Tegra-Android
		{7E131650-2D61-4666-B8EF-EEB604B0B47C}.Shipping|Tegra-Android.Build.0 = Shipping|Tegra-Android
	EndGlobalSection
	GlobalSection(SolutionProperties) = preSolution
		HideSolutionNode = FALSE
	EndGlobalSection
EndGlobal
